
Microsoft Visual Studio Solution File, Format Version 12.00
# Visual Studio Version 16
VisualStudioVersion = 16.0.29609.76
MinimumVisualStudioVersion = 10.0.40219.1
Project("{FAE04EC0-301F-11D3-BF4B-00C04F79EFBC}") = "lab1_yavorska_version_2_reload", "lab1_yavorska_version_2_reload\lab1_yavorska_version_2_reload.csproj", "{8B27C6D1-5616-4BD3-B264-07554A407A77}"
EndProject
Global
	GlobalSection(SolutionConfigurationPlatforms) = preSolution
		Debug|Any CPU = Debug|Any CPU
		Release|Any CPU = Release|Any CPU
	EndGlobalSection
	GlobalSection(ProjectConfigurationPlatforms) = postSolution
		{8B27C6D1-5616-4BD3-B264-07554A407A77}.Debug|Any CPU.ActiveCfg = Debug|Any CPU
		{8B27C6D1-5616-4BD3-B264-07554A407A77}.Debug|Any CPU.Build.0 = Debug|Any CPU
		{8B27C6D1-5616-4BD3-B264-07554A407A77}.Release|Any CPU.ActiveCfg = Release|Any CPU
		{8B27C6D1-5616-4BD3-B264-07554A407A77}.Release|Any CPU.Build.0 = Release|Any CPU
	EndGlobalSection
	GlobalSection(SolutionProperties) = preSolution
		HideSolutionNode = FALSE
	EndGlobalSection
	GlobalSection(ExtensibilityGlobals) = postSolution
		SolutionGuid = {C64D11A3-8DBA-439E-9F40-D1E5B747FB0E}
	EndGlobalSection
EndGlobal
