
Microsoft Visual Studio Solution File, Format Version 12.00
# Visual Studio Version 16
VisualStudioVersion = 16.0.29609.76
MinimumVisualStudioVersion = 10.0.40219.1
Project("{FAE04EC0-301F-11D3-BF4B-00C04F79EFBC}") = "lab6_yavorska", "lab6_yavorska\lab6_yavorska.csproj", "{7AB00BFD-22C9-4121-94A5-0A957C66022C}"
EndProject
Global
	GlobalSection(SolutionConfigurationPlatforms) = preSolution
		Debug|Any CPU = Debug|Any CPU
		Release|Any CPU = Release|Any CPU
	EndGlobalSection
	GlobalSection(ProjectConfigurationPlatforms) = postSolution
		{7AB00BFD-22C9-4121-94A5-0A957C66022C}.Debug|Any CPU.ActiveCfg = Debug|Any CPU
		{7AB00BFD-22C9-4121-94A5-0A957C66022C}.Debug|Any CPU.Build.0 = Debug|Any CPU
		{7AB00BFD-22C9-4121-94A5-0A957C66022C}.Release|Any CPU.ActiveCfg = Release|Any CPU
		{7AB00BFD-22C9-4121-94A5-0A957C66022C}.Release|Any CPU.Build.0 = Release|Any CPU
	EndGlobalSection
	GlobalSection(SolutionProperties) = preSolution
		HideSolutionNode = FALSE
	EndGlobalSection
	GlobalSection(ExtensibilityGlobals) = postSolution
		SolutionGuid = {5FC88223-18D8-4551-9706-DB7189B54E03}
	EndGlobalSection
EndGlobal
